
Microsoft Visual Studio Solution File, Format Version 12.00
# Visual Studio Version 16
VisualStudioVersion = 16.0.28922.388
MinimumVisualStudioVersion = 10.0.40219.1
Project("{FAE04EC0-301F-11D3-BF4B-00C04F79EFBC}") = "lesson_1", "lesson_1\lesson_1.csproj", "{3098D3B8-80B0-47DF-B861-498431FC712B}"
EndProject
Project("{2150E333-8FDC-42A3-9474-1A3956D46DE8}") = "ConsoleTest", "ConsoleTest", "{FA19582B-C0F6-44DA-83B9-301F96B53BF7}"
EndProject
Project("{FAE04EC0-301F-11D3-BF4B-00C04F79EFBC}") = "Demo1", "Demo1\Demo1.csproj", "{72195ECA-9388-4C16-BF2A-7B939E004BFC}"
EndProject
Project("{FAE04EC0-301F-11D3-BF4B-00C04F79EFBC}") = "Demo2", "Demo2\Demo2.csproj", "{4631B1D7-1DC8-44C4-A4D1-8137CBB69863}"
EndProject
Project("{FAE04EC0-301F-11D3-BF4B-00C04F79EFBC}") = "Demo3", "Demo3\Demo3.csproj", "{95A90371-E9AF-44AB-B5DB-045D4BEA3C20}"
EndProject
Project("{9A19103F-16F7-4668-BE54-9A1E7A4F7556}") = "lesson_2", "lesson_2\lesson_2.csproj", "{217F043F-276A-4A64-A572-CD34516050E3}"
EndProject
Project("{2150E333-8FDC-42A3-9474-1A3956D46DE8}") = "DictionaryTest", "DictionaryTest", "{074D4D46-43AB-4A87-9E2F-00EBF762994A}"
EndProject
Project("{9A19103F-16F7-4668-BE54-9A1E7A4F7556}") = "DictionaryTest", "DictionaryTest\DictionaryTest.csproj", "{DF9C9195-2801-493C-9913-4DED2558F996}"
EndProject
Project("{9A19103F-16F7-4668-BE54-9A1E7A4F7556}") = "Demo4", "Demo4\Demo4.csproj", "{C9519F75-A128-455F-A4CF-79714D0FF407}"
EndProject
Project("{9A19103F-16F7-4668-BE54-9A1E7A4F7556}") = "GuessTheNumber", "GuessTheNumber\GuessTheNumber.csproj", "{C2FF76FF-D145-49B8-BB19-65C97CBC4871}"
EndProject
Project("{2150E333-8FDC-42A3-9474-1A3956D46DE8}") = "Games", "Games", "{88B83806-9F5E-438C-A049-606EA528B1BC}"
EndProject
Project("{9A19103F-16F7-4668-BE54-9A1E7A4F7556}") = "Gallows", "Gallows\Gallows.csproj", "{F212F958-6254-4592-BACD-C53A54AF8972}"
EndProject
Project("{FAE04EC0-301F-11D3-BF4B-00C04F79EFBC}") = "RPS", "RPS\RPS.csproj", "{EDC8D247-C1B2-4CFB-B158-DE1B4A019447}"
EndProject
Global
	GlobalSection(SolutionConfigurationPlatforms) = preSolution
		Debug|Any CPU = Debug|Any CPU
		Release|Any CPU = Release|Any CPU
	EndGlobalSection
	GlobalSection(ProjectConfigurationPlatforms) = postSolution
		{3098D3B8-80B0-47DF-B861-498431FC712B}.Debug|Any CPU.ActiveCfg = Debug|Any CPU
		{3098D3B8-80B0-47DF-B861-498431FC712B}.Debug|Any CPU.Build.0 = Debug|Any CPU
		{3098D3B8-80B0-47DF-B861-498431FC712B}.Release|Any CPU.ActiveCfg = Release|Any CPU
		{3098D3B8-80B0-47DF-B861-498431FC712B}.Release|Any CPU.Build.0 = Release|Any CPU
		{72195ECA-9388-4C16-BF2A-7B939E004BFC}.Debug|Any CPU.ActiveCfg = Debug|Any CPU
		{72195ECA-9388-4C16-BF2A-7B939E004BFC}.Debug|Any CPU.Build.0 = Debug|Any CPU
		{72195ECA-9388-4C16-BF2A-7B939E004BFC}.Release|Any CPU.ActiveCfg = Release|Any CPU
		{72195ECA-9388-4C16-BF2A-7B939E004BFC}.Release|Any CPU.Build.0 = Release|Any CPU
		{4631B1D7-1DC8-44C4-A4D1-8137CBB69863}.Debug|Any CPU.ActiveCfg = Debug|Any CPU
		{4631B1D7-1DC8-44C4-A4D1-8137CBB69863}.Debug|Any CPU.Build.0 = Debug|Any CPU
		{4631B1D7-1DC8-44C4-A4D1-8137CBB69863}.Release|Any CPU.ActiveCfg = Release|Any CPU
		{4631B1D7-1DC8-44C4-A4D1-8137CBB69863}.Release|Any CPU.Build.0 = Release|Any CPU
		{95A90371-E9AF-44AB-B5DB-045D4BEA3C20}.Debug|Any CPU.ActiveCfg = Debug|Any CPU
		{95A90371-E9AF-44AB-B5DB-045D4BEA3C20}.Debug|Any CPU.Build.0 = Debug|Any CPU
		{95A90371-E9AF-44AB-B5DB-045D4BEA3C20}.Release|Any CPU.ActiveCfg = Release|Any CPU
		{95A90371-E9AF-44AB-B5DB-045D4BEA3C20}.Release|Any CPU.Build.0 = Release|Any CPU
		{217F043F-276A-4A64-A572-CD34516050E3}.Debug|Any CPU.ActiveCfg = Debug|Any CPU
		{217F043F-276A-4A64-A572-CD34516050E3}.Debug|Any CPU.Build.0 = Debug|Any CPU
		{217F043F-276A-4A64-A572-CD34516050E3}.Release|Any CPU.ActiveCfg = Release|Any CPU
		{217F043F-276A-4A64-A572-CD34516050E3}.Release|Any CPU.Build.0 = Release|Any CPU
		{DF9C9195-2801-493C-9913-4DED2558F996}.Debug|Any CPU.ActiveCfg = Debug|Any CPU
		{DF9C9195-2801-493C-9913-4DED2558F996}.Debug|Any CPU.Build.0 = Debug|Any CPU
		{DF9C9195-2801-493C-9913-4DED2558F996}.Release|Any CPU.ActiveCfg = Release|Any CPU
		{DF9C9195-2801-493C-9913-4DED2558F996}.Release|Any CPU.Build.0 = Release|Any CPU
		{C9519F75-A128-455F-A4CF-79714D0FF407}.Debug|Any CPU.ActiveCfg = Debug|Any CPU
		{C9519F75-A128-455F-A4CF-79714D0FF407}.Debug|Any CPU.Build.0 = Debug|Any CPU
		{C9519F75-A128-455F-A4CF-79714D0FF407}.Release|Any CPU.ActiveCfg = Release|Any CPU
		{C9519F75-A128-455F-A4CF-79714D0FF407}.Release|Any CPU.Build.0 = Release|Any CPU
		{C2FF76FF-D145-49B8-BB19-65C97CBC4871}.Debug|Any CPU.ActiveCfg = Debug|Any CPU
		{C2FF76FF-D145-49B8-BB19-65C97CBC4871}.Debug|Any CPU.Build.0 = Debug|Any CPU
		{C2FF76FF-D145-49B8-BB19-65C97CBC4871}.Release|Any CPU.ActiveCfg = Release|Any CPU
		{C2FF76FF-D145-49B8-BB19-65C97CBC4871}.Release|Any CPU.Build.0 = Release|Any CPU
		{F212F958-6254-4592-BACD-C53A54AF8972}.Debug|Any CPU.ActiveCfg = Debug|Any CPU
		{F212F958-6254-4592-BACD-C53A54AF8972}.Debug|Any CPU.Build.0 = Debug|Any CPU
		{F212F958-6254-4592-BACD-C53A54AF8972}.Release|Any CPU.ActiveCfg = Release|Any CPU
		{F212F958-6254-4592-BACD-C53A54AF8972}.Release|Any CPU.Build.0 = Release|Any CPU
		{EDC8D247-C1B2-4CFB-B158-DE1B4A019447}.Debug|Any CPU.ActiveCfg = Debug|Any CPU
		{EDC8D247-C1B2-4CFB-B158-DE1B4A019447}.Debug|Any CPU.Build.0 = Debug|Any CPU
		{EDC8D247-C1B2-4CFB-B158-DE1B4A019447}.Release|Any CPU.ActiveCfg = Release|Any CPU
		{EDC8D247-C1B2-4CFB-B158-DE1B4A019447}.Release|Any CPU.Build.0 = Release|Any CPU
	EndGlobalSection
	GlobalSection(SolutionProperties) = preSolution
		HideSolutionNode = FALSE
	EndGlobalSection
	GlobalSection(NestedProjects) = preSolution
		{72195ECA-9388-4C16-BF2A-7B939E004BFC} = {FA19582B-C0F6-44DA-83B9-301F96B53BF7}
		{4631B1D7-1DC8-44C4-A4D1-8137CBB69863} = {FA19582B-C0F6-44DA-83B9-301F96B53BF7}
		{95A90371-E9AF-44AB-B5DB-045D4BEA3C20} = {FA19582B-C0F6-44DA-83B9-301F96B53BF7}
		{DF9C9195-2801-493C-9913-4DED2558F996} = {074D4D46-43AB-4A87-9E2F-00EBF762994A}
		{C9519F75-A128-455F-A4CF-79714D0FF407} = {FA19582B-C0F6-44DA-83B9-301F96B53BF7}
		{C2FF76FF-D145-49B8-BB19-65C97CBC4871} = {88B83806-9F5E-438C-A049-606EA528B1BC}
		{F212F958-6254-4592-BACD-C53A54AF8972} = {88B83806-9F5E-438C-A049-606EA528B1BC}
		{EDC8D247-C1B2-4CFB-B158-DE1B4A019447} = {88B83806-9F5E-438C-A049-606EA528B1BC}
	EndGlobalSection
	GlobalSection(ExtensibilityGlobals) = postSolution
		SolutionGuid = {01DDC01F-21AA-4609-BB4A-FF34F4197A8E}
	EndGlobalSection
EndGlobal
